
Microsoft Visual Studio Solution File, Format Version 12.00
# Visual Studio Version 17
VisualStudioVersion = 17.9.34616.47
MinimumVisualStudioVersion = 10.0.40219.1
Project("{9A19103F-16F7-4668-BE54-9A1E7A4F7556}") = "StudentList", "StudentList.csproj", "{35845625-265D-4F0D-A873-B1F568C9852A}"
EndProject
Project("{2150E333-8FDC-42A3-9474-1A3956D46DE8}") = "Solution Items", "Solution Items", "{ABCFB6F0-D07C-44E9-BEE9-9383FD733474}"
EndProject
Global
	GlobalSection(SolutionConfigurationPlatforms) = preSolution
		Debug|Any CPU = Debug|Any CPU
		Release|Any CPU = Release|Any CPU
	EndGlobalSection
	GlobalSection(ProjectConfigurationPlatforms) = postSolution
		{35845625-265D-4F0D-A873-B1F568C9852A}.Debug|Any CPU.ActiveCfg = Debug|Any CPU
		{35845625-265D-4F0D-A873-B1F568C9852A}.Debug|Any CPU.Build.0 = Debug|Any CPU
		{35845625-265D-4F0D-A873-B1F568C9852A}.Release|Any CPU.ActiveCfg = Release|Any CPU
		{35845625-265D-4F0D-A873-B1F568C9852A}.Release|Any CPU.Build.0 = Release|Any CPU
	EndGlobalSection
	GlobalSection(SolutionProperties) = preSolution
		HideSolutionNode = FALSE
	EndGlobalSection
	GlobalSection(ExtensibilityGlobals) = postSolution
		SolutionGuid = {0B4B0D5C-ED68-49C5-B956-11E2F81C35E9}
	EndGlobalSection
EndGlobal
